hash: d570123d6231810c51dd17e415673df221fb2dec7ef6ab45cd34093002a87cbb
updated: 2016-11-16T17:28:38.2997832+09:00
imports:
- name: github.com/davidminor/gorand
  version: 189780b8053a44a111339a4248394fd844c1da40
  subpackages:
  - lcg
- name: github.com/davidminor/uint128
  version: 5745f1bf80414e0ad2670e85d6aece8c58031def
- name: github.com/inconshreveable/mousetrap
  version: 76626ae9c91c4f2a10f34cad8ce83ea42c93bb75
- name: github.com/pkg/errors
  version: 248dadf4e9068a0b3e79f02ed0a610d935de5302
- name: github.com/seehuhn/mt19937
  version: 98c0ea580d2f3c5a171acf4d4f15321b72209d08
- name: github.com/spf13/cobra
  version: 6b74a60562f5c1c920299b8f02d153e16f4897fc
- name: github.com/spf13/pflag
  version: 5ccb023bc27df288a957c5e994cd44fd19619465
- name: github.com/spiegel-im-spiegel/gocli
  version: 5929f04fb8e4a19ac29fdf658866f9441f339cd9
testImports: []
