# This file is autogenerated, do not edit; changes may be undone by the next 'dep ensure'.


[[projects]]
  branch = "master"
  name = "github.com/davidminor/gorand"
  packages = ["lcg"]
  revision = "283446f2caf531f8b71b3a766b6d5a4b198825f7"

[[projects]]
  branch = "master"
  name = "github.com/davidminor/uint128"
  packages = ["."]
  revision = "5745f1bf80414e0ad2670e85d6aece8c58031def"

[[projects]]
  name = "github.com/inconshreveable/mousetrap"
  packages = ["."]
  revision = "76626ae9c91c4f2a10f34cad8ce83ea42c93bb75"
  version = "v1.0"

[[projects]]
  name = "github.com/pkg/errors"
  packages = ["."]
  revision = "645ef00459ed84a119197bfb8d8205042c6df63d"
  version = "v0.8.0"

[[projects]]
  branch = "master"
  name = "github.com/seehuhn/mt19937"
  packages = ["."]
  revision = "98c0ea580d2f3c5a171acf4d4f15321b72209d08"

[[projects]]
  name = "github.com/spf13/cobra"
  packages = ["."]
  revision = "7b2c5ac9fc04fc5efafb60700713d4fa609b777b"
  version = "v0.0.1"

[[projects]]
  name = "github.com/spf13/pflag"
  packages = ["."]
  revision = "5ccb023bc27df288a957c5e994cd44fd19619465"

[[projects]]
  name = "github.com/spiegel-im-spiegel/gocli"
  packages = ["."]
  revision = "5929f04fb8e4a19ac29fdf658866f9441f339cd9"
  version = "v0.3.0"

[solve-meta]
  analyzer-name = "dep"
  analyzer-version = 1
  inputs-digest = "f14956441ca1817476a51ca71db0caffabb0a3c91462754dfa4207a0bfc7a1f3"
  solver-name = "gps-cdcl"
  solver-version = 1
