# This file is autogenerated, do not edit; changes may be undone by the next 'dep ensure'.


[[projects]]
  name = "github.com/davidminor/gorand"
  packages = ["lcg"]
  revision = "189780b8053a44a111339a4248394fd844c1da40"

[[projects]]
  branch = "master"
  name = "github.com/davidminor/uint128"
  packages = ["."]
  revision = "5745f1bf80414e0ad2670e85d6aece8c58031def"

[[projects]]
  name = "github.com/inconshreveable/mousetrap"
  packages = ["."]
  revision = "76626ae9c91c4f2a10f34cad8ce83ea42c93bb75"
  version = "v1.0"

[[projects]]
  name = "github.com/pkg/errors"
  packages = ["."]
  revision = "248dadf4e9068a0b3e79f02ed0a610d935de5302"

[[projects]]
  branch = "master"
  name = "github.com/seehuhn/mt19937"
  packages = ["."]
  revision = "98c0ea580d2f3c5a171acf4d4f15321b72209d08"

[[projects]]
  name = "github.com/spf13/cobra"
  packages = ["."]
  revision = "6b74a60562f5c1c920299b8f02d153e16f4897fc"

[[projects]]
  name = "github.com/spf13/pflag"
  packages = ["."]
  revision = "5ccb023bc27df288a957c5e994cd44fd19619465"

[[projects]]
  name = "github.com/spiegel-im-spiegel/gocli"
  packages = ["."]
  revision = "5929f04fb8e4a19ac29fdf658866f9441f339cd9"
  version = "v0.3.0"

[solve-meta]
  analyzer-name = "dep"
  analyzer-version = 1
  inputs-digest = "4a7cc1799d386351173ccdf8266d22ebe2971ce7ba417395a0b63ca267ea9267"
  solver-name = "gps-cdcl"
  solver-version = 1
